<?xml version="1.0" encoding="utf-8"?>
<Project ToolsVersion="4.0" xmlns="http://schemas.microsoft.com/developer/msbuild/2003">
  <ItemGroup>
    <ClCompile Include="Camera.cpp">
      <Filter>sources</Filter>
    </ClCompile>
    <ClCompile Include="..\common\EsgiShader.cpp">
      <Filter>sources</Filter>
    </ClCompile>
    <ClCompile Include="Framebuffer.cpp">
      <Filter>sources</Filter>
    </ClCompile>
    <ClCompile Include="Quaternion.cpp">
      <Filter>sources</Filter>
    </ClCompile>
    <ClCompile Include="Texture.cpp">
      <Filter>sources</Filter>
    </ClCompile>
    <ClCompile Include="main.cpp">
      <Filter>sources</Filter>
    </ClCompile>
    <ClCompile Include="Ssao.cpp">
      <Filter>sources</Filter>
    </ClCompile>
    <ClCompile Include="Object.cpp">
      <Filter>sources</Filter>
    </ClCompile>
  </ItemGroup>
  <ItemGroup>
    <ClInclude Include="Camera.h">
      <Filter>headers</Filter>
    </ClInclude>
    <ClInclude Include="..\common\EsgiShader.h">
      <Filter>headers</Filter>
    </ClInclude>
    <ClInclude Include="Framebuffer.h">
      <Filter>headers</Filter>
    </ClInclude>
    <ClInclude Include="Quaternion.hpp">
      <Filter>headers</Filter>
    </ClInclude>
    <ClInclude Include="Ssao.h">
      <Filter>headers</Filter>
    </ClInclude>
    <ClInclude Include="..\libs\stb\stb_image.h">
      <Filter>headers</Filter>
    </ClInclude>
    <ClInclude Include="Texture.h">
      <Filter>headers</Filter>
    </ClInclude>
    <ClInclude Include="Object.h">
      <Filter>headers</Filter>
    </ClInclude>
    <ClInclude Include="sb6mfile.h">
      <Filter>headers</Filter>
    </ClInclude>
  </ItemGroup>
  <ItemGroup>
    <None Include="shaders\aliasing.fs">
      <Filter>ressources</Filter>
    </None>
    <None Include="shaders\blit.fs">
      <Filter>ressources</Filter>
    </None>
    <None Include="shaders\blit.vs">
      <Filter>ressources</Filter>
    </None>
    <None Include="shaders\blitDepth.fs">
      <Filter>ressources</Filter>
    </None>
    <None Include="shaders\dof.fs">
      <Filter>ressources</Filter>
    </None>
    <None Include="shaders\light.fs">
      <Filter>ressources</Filter>
    </None>
    <None Include="shaders\light.vs">
      <Filter>ressources</Filter>
    </None>
    <None Include="shaders\main.fs">
      <Filter>ressources</Filter>
    </None>
    <None Include="shaders\main.vs">
      <Filter>ressources</Filter>
    </None>
    <None Include="shaders\postProcess.fs">
      <Filter>ressources</Filter>
    </None>
    <None Include="shaders\postProcess.vs">
      <Filter>ressources</Filter>
    </None>
    <None Include="shaders\ssao.fs">
      <Filter>ressources</Filter>
    </None>
  </ItemGroup>
  <ItemGroup>
    <Filter Include="sources">
      <UniqueIdentifier>{ca28e44f-e44a-4036-87b9-5411c2c60821}</UniqueIdentifier>
    </Filter>
    <Filter Include="headers">
      <UniqueIdentifier>{43677cf8-7ef0-478c-9b3e-464412f98dbb}</UniqueIdentifier>
    </Filter>
    <Filter Include="ressources">
      <UniqueIdentifier>{e41ea106-70a1-42f0-964b-fdd268922460}</UniqueIdentifier>
    </Filter>
  </ItemGroup>
</Project>